{
  "name": "stormlib-node",
  "version": "0.0.0",
  "lockfileVersion": 3,
  "requires": true,
  "packages": {
    "": {
      "name": "stormlib-node",
      "version": "0.0.0",
      "license": "MIT",
      "dependencies": {
        "@node-rs/helper": "1.5.0"
      },
      "devDependencies": {
        "@napi-rs/cli": "2.18.0"
      },
      "engines": {
        "node": ">= 10"
      }
    },
    "node_modules/@napi-rs/cli": {
      "version": "2.18.0",
      "resolved": "https://registry.npmjs.org/@napi-rs/cli/-/cli-2.18.0.tgz",
      "integrity": "sha512-lfSRT7cs3iC4L+kv9suGYQEezn5Nii7Kpu+THsYVI0tA1Vh59LH45p4QADaD7hvIkmOz79eEGtoKQ9nAkAPkzA==",
      "dev": true,
      "bin": {
        "napi": "scripts/index.js"
      },
      "engines": {
        "node": ">= 10"
      },
      "funding": {
        "type": "github",
        "url": "https://github.com/sponsors/Brooooooklyn"
      }
    },
    "node_modules/@napi-rs/triples": {
      "version": "1.2.0",
      "resolved": "https://registry.npmjs.org/@napi-rs/triples/-/triples-1.2.0.tgz",
      "integrity": "sha512-HAPjR3bnCsdXBsATpDIP5WCrw0JcACwhhrwIAQhiR46n+jm+a2F8kBsfseAuWtSyQ+H3Yebt2k43B5dy+04yMA=="
    },
    "node_modules/@node-rs/helper": {
      "version": "1.5.0",
      "resolved": "https://registry.npmjs.org/@node-rs/helper/-/helper-1.5.0.tgz",
      "integrity": "sha512-4E1laLlg532nkrvUohZzl/wFos3bsHExSDw/guaoLekMcTKtD3ZsH6Vc4/qIRzOzAhQv5LLRnTE+vOeJ6C9Z8w==",
      "dependencies": {
        "@napi-rs/triples": "^1.2.0"
      }
    }
  }
}
